
Microsoft Visual Studio Solution File, Format Version 12.00
Project("{FAE04EC0-301F-11D3-BF4B-00C04F79EFBC}") = "ResoniteSpout.Engine", "ResoniteSpout.Engine\ResoniteSpout.Engine.csproj", "{A754A6B7-D4C9-4941-BF9C-25ED80CDC71D}"
EndProject
Project("{FAE04EC0-301F-11D3-BF4B-00C04F79EFBC}") = "ResoniteSpout.Renderer", "ResoniteSpout.Renderer\ResoniteSpout.Renderer.csproj", "{4E21AC3C-5F03-41BD-909A-A8E264850F8A}"
EndProject
Global
	GlobalSection(SolutionConfigurationPlatforms) = preSolution
		Debug|Any CPU = Debug|Any CPU
		Release|Any CPU = Release|Any CPU
	EndGlobalSection
	GlobalSection(ProjectConfigurationPlatforms) = postSolution
		{A754A6B7-D4C9-4941-BF9C-25ED80CDC71D}.Debug|Any CPU.ActiveCfg = Debug|Any CPU
		{A754A6B7-D4C9-4941-BF9C-25ED80CDC71D}.Debug|Any CPU.Build.0 = Debug|Any CPU
		{A754A6B7-D4C9-4941-BF9C-25ED80CDC71D}.Release|Any CPU.ActiveCfg = Release|Any CPU
		{A754A6B7-D4C9-4941-BF9C-25ED80CDC71D}.Release|Any CPU.Build.0 = Release|Any CPU
		{4E21AC3C-5F03-41BD-909A-A8E264850F8A}.Debug|Any CPU.ActiveCfg = Debug|Any CPU
		{4E21AC3C-5F03-41BD-909A-A8E264850F8A}.Debug|Any CPU.Build.0 = Debug|Any CPU
		{4E21AC3C-5F03-41BD-909A-A8E264850F8A}.Release|Any CPU.ActiveCfg = Release|Any CPU
		{4E21AC3C-5F03-41BD-909A-A8E264850F8A}.Release|Any CPU.Build.0 = Release|Any CPU
	EndGlobalSection
EndGlobal
